
Microsoft Visual Studio Solution File, Format Version 12.00
# Visual Studio Version 17
VisualStudioVersion = 17.9.34622.214
MinimumVisualStudioVersion = 10.0.40219.1
Project("{FAE04EC0-301F-11D3-BF4B-00C04F79EFBC}") = "ProjectB", "ProjectB\ProjectB.csproj", "{44E4FE36-F650-4509-81F8-29BC91983DEF}"
EndProject
Global
	GlobalSection(SolutionConfigurationPlatforms) = preSolution
		Debug|Any CPU = Debug|Any CPU
		Release|Any CPU = Release|Any CPU
	EndGlobalSection
	GlobalSection(ProjectConfigurationPlatforms) = postSolution
		{44E4FE36-F650-4509-81F8-29BC91983DEF}.Debug|Any CPU.ActiveCfg = Debug|Any CPU
		{44E4FE36-F650-4509-81F8-29BC91983DEF}.Debug|Any CPU.Build.0 = Debug|Any CPU
		{44E4FE36-F650-4509-81F8-29BC91983DEF}.Release|Any CPU.ActiveCfg = Release|Any CPU
		{44E4FE36-F650-4509-81F8-29BC91983DEF}.Release|Any CPU.Build.0 = Release|Any CPU
	EndGlobalSection
	GlobalSection(SolutionProperties) = preSolution
		HideSolutionNode = FALSE
	EndGlobalSection
	GlobalSection(ExtensibilityGlobals) = postSolution
		SolutionGuid = {E87064DD-0FD2-4FDF-8C64-6B8D8287E3E6}
	EndGlobalSection
EndGlobal
